
Microsoft Visual Studio Solution File, Format Version 12.00
# Visual Studio Version 16
VisualStudioVersion = 16.0.31702.278
MinimumVisualStudioVersion = 10.0.40219.1
Project("{FAE04EC0-301F-11D3-BF4B-00C04F79EFBC}") = "My_first_Windows_App", "My_first_Windows_App\My_first_Windows_App.csproj", "{E215848B-F9E8-4BAF-9849-DC2DA06ED020}"
EndProject
Global
	GlobalSection(SolutionConfigurationPlatforms) = preSolution
		Debug|Any CPU = Debug|Any CPU
		Release|Any CPU = Release|Any CPU
	EndGlobalSection
	GlobalSection(ProjectConfigurationPlatforms) = postSolution
		{E215848B-F9E8-4BAF-9849-DC2DA06ED020}.Debug|Any CPU.ActiveCfg = Debug|Any CPU
		{E215848B-F9E8-4BAF-9849-DC2DA06ED020}.Debug|Any CPU.Build.0 = Debug|Any CPU
		{E215848B-F9E8-4BAF-9849-DC2DA06ED020}.Release|Any CPU.ActiveCfg = Release|Any CPU
		{E215848B-F9E8-4BAF-9849-DC2DA06ED020}.Release|Any CPU.Build.0 = Release|Any CPU
	EndGlobalSection
	GlobalSection(SolutionProperties) = preSolution
		HideSolutionNode = FALSE
	EndGlobalSection
	GlobalSection(ExtensibilityGlobals) = postSolution
		SolutionGuid = {27F3BB70-EF6D-4455-AD4E-640983FDA4E0}
	EndGlobalSection
EndGlobal
